<?xml version="1.0" encoding="utf-8"?>
<Project ToolsVersion="4.0" xmlns="http://schemas.microsoft.com/developer/msbuild/2003">
  <ItemGroup>
    <Filter Include="Source Files">
      <UniqueIdentifier>{4FC737F1-C7A5-4376-A066-2A32D752A2FF}</UniqueIdentifier>
      <Extensions>cpp;c;cc;cxx;c++;cppm;ixx;def;odl;idl;hpj;bat;asm;asmx</Extensions>
    </Filter>
    <Filter Include="Header Files">
      <UniqueIdentifier>{93995380-89BD-4b04-88EB-625FBE52EBFB}</UniqueIdentifier>
      <Extensions>h;hh;hpp;hxx;h++;hm;inl;inc;ipp;xsd</Extensions>
    </Filter>
    <Filter Include="Resource Files">
      <UniqueIdentifier>{67DA6AB6-F800-4c08-8B7A-83BB121AAD01}</UniqueIdentifier>
      <Extensions>rc;ico;cur;bmp;dlg;rc2;rct;bin;rgs;gif;jpg;jpeg;jpe;resx;tiff;tif;png;wav;mfcribbon-ms</Extensions>
    </Filter>
    <Filter Include="Header Files\Player">
      <UniqueIdentifier>{d2eed659-cc8d-49b1-a239-e57df5b2875a}</UniqueIdentifier>
    </Filter>
    <Filter Include="Source Files\Player">
      <UniqueIdentifier>{90944bdb-fc63-412b-84ea-e8a1f6dbf1e6}</UniqueIdentifier>
    </Filter>
    <Filter Include="Source Files\Map">
      <UniqueIdentifier>{25521518-e0b2-42fe-98e3-cfbbb8135ef9}</UniqueIdentifier>
    </Filter>
    <Filter Include="Header Files\Map">
      <UniqueIdentifier>{9d3cda3a-08f2-4479-8fd6-8e070da227dd}</UniqueIdentifier>
    </Filter>
    <Filter Include="Header Files\Boat">
      <UniqueIdentifier>{8fe83c49-716c-4a0c-9539-7bad294bbd62}</UniqueIdentifier>
    </Filter>
    <Filter Include="Source Files\Boat">
      <UniqueIdentifier>{04a2658d-6442-4ae5-bb9d-d157468b1c55}</UniqueIdentifier>
    </Filter>
    <Filter Include="Header Files\Globals">
      <UniqueIdentifier>{f91b4787-aa31-4af4-9f62-6d68a6e4ea5f}</UniqueIdentifier>
    </Filter>
    <Filter Include="Header Files\Inventory">
      <UniqueIdentifier>{46fdf059-8eec-4922-83df-5a215752c32c}</UniqueIdentifier>
    </Filter>
    <Filter Include="Header Files\GameObjects">
      <UniqueIdentifier>{952b161d-4cf5-4f69-b21d-3f7c4ba655d9}</UniqueIdentifier>
    </Filter>
    <Filter Include="Source Files\Inventory">
      <UniqueIdentifier>{492477f5-549a-4a4f-a8a8-2ac8feee50fc}</UniqueIdentifier>
    </Filter>
    <Filter Include="Source Files\GameObjects">
      <UniqueIdentifier>{23f75b9a-91cf-4b46-a7e0-4e7b58d32b79}</UniqueIdentifier>
    </Filter>
    <Filter Include="Header Files\Inventory\Items">
      <UniqueIdentifier>{a0c42ba2-128f-4d95-a654-d2107e33c0ea}</UniqueIdentifier>
    </Filter>
    <Filter Include="Source Files\Inventory\Items">
      <UniqueIdentifier>{fbe6147b-4dea-4a81-bf80-b703f9d59cc0}</UniqueIdentifier>
    </Filter>
    <Filter Include="Header Files\Singletons">
      <UniqueIdentifier>{edbe3168-57c8-4207-b239-af3f1546cc62}</UniqueIdentifier>
    </Filter>
    <Filter Include="Source Files\Globals">
      <UniqueIdentifier>{25bb644e-b788-4fbb-bf6c-9fe1c7813835}</UniqueIdentifier>
    </Filter>
    <Filter Include="Source Files\Singletons">
      <UniqueIdentifier>{ec436789-1d06-4ede-b57e-91d6b1051624}</UniqueIdentifier>
    </Filter>
    <Filter Include="Source Files\Army">
      <UniqueIdentifier>{3ada86ba-60fd-4d63-b048-ed5e6280c291}</UniqueIdentifier>
    </Filter>
    <Filter Include="Header Files\Army">
      <UniqueIdentifier>{6235c117-becc-48f4-b7c7-46895cad855e}</UniqueIdentifier>
    </Filter>
    <Filter Include="Header Files\Army\Units">
      <UniqueIdentifier>{19af9c9a-5f95-476d-8d19-bdfe6e6dd19d}</UniqueIdentifier>
    </Filter>
    <Filter Include="Source Files\Army\Units">
      <UniqueIdentifier>{1928ab4e-c7e2-47d6-bffc-fb73bf317e75}</UniqueIdentifier>
    </Filter>
    <Filter Include="Header Files\Battle">
      <UniqueIdentifier>{7f669997-01da-47ee-9c18-14732bd4d9ec}</UniqueIdentifier>
    </Filter>
    <Filter Include="Source Files\Battle">
      <UniqueIdentifier>{934d50bd-0a6d-43a2-a756-5340b98f3c92}</UniqueIdentifier>
    </Filter>
    <Filter Include="Header Files\UI">
      <UniqueIdentifier>{d85d15f0-f97e-4a7f-b22b-a967702fa3c9}</UniqueIdentifier>
    </Filter>
    <Filter Include="Source Files\UI">
      <UniqueIdentifier>{89d1a975-8b56-4a0b-ba31-a0611602af1b}</UniqueIdentifier>
    </Filter>
    <Filter Include="Header Files\Enemy">
      <UniqueIdentifier>{61650074-58ea-43fd-83a2-591f759b8c4c}</UniqueIdentifier>
    </Filter>
    <Filter Include="Source Files\Enemy">
      <UniqueIdentifier>{caa64a0a-be5f-464a-be57-6b7958cf1ae6}</UniqueIdentifier>
    </Filter>
    <Filter Include="Header Files\Particles">
      <UniqueIdentifier>{ce07d7f6-abaa-4089-b714-ff5de3d56b47}</UniqueIdentifier>
    </Filter>
    <Filter Include="Source Files\Particles">
      <UniqueIdentifier>{a7967f1d-5906-43c8-ba4b-aad78179fa6d}</UniqueIdentifier>
    </Filter>
    <Filter Include="Header Files\Particles\BaseParticle">
      <UniqueIdentifier>{4b62a665-b78c-4a1b-a964-516db93e36c4}</UniqueIdentifier>
    </Filter>
    <Filter Include="Source Files\Particles\BaseParticle">
      <UniqueIdentifier>{cce15248-9e6e-48ac-aa0b-24b06a327bef}</UniqueIdentifier>
    </Filter>
    <Filter Include="Header Files\Projectile">
      <UniqueIdentifier>{ba4dc14c-9f77-4158-9f62-cf327cb7ea88}</UniqueIdentifier>
    </Filter>
    <Filter Include="Source Files\Projectile">
      <UniqueIdentifier>{e14abfce-aeca-4bbf-9320-bca3a0cb4032}</UniqueIdentifier>
    </Filter>
    <Filter Include="Header Files\UI\Building Menus">
      <UniqueIdentifier>{c56e6f60-a3c6-4dd6-a7fe-5fca9c63df14}</UniqueIdentifier>
    </Filter>
    <Filter Include="Source Files\UI\Building Menus">
      <UniqueIdentifier>{9693b611-d73a-44de-9efd-a475b589e088}</UniqueIdentifier>
    </Filter>
    <Filter Include="Header Files\UI\Building Menus\Icons">
      <UniqueIdentifier>{cf1e1082-d0d6-4169-b607-be00ffe38250}</UniqueIdentifier>
    </Filter>
    <Filter Include="Header Files\Scenes">
      <UniqueIdentifier>{6cd37b48-4a31-4456-9a68-17098fc079c1}</UniqueIdentifier>
    </Filter>
    <Filter Include="Source Files\Scenes">
      <UniqueIdentifier>{c4b62843-d2da-4ae6-aac0-33401a2a7e68}</UniqueIdentifier>
    </Filter>
    <Filter Include="Source Files\Buildings">
      <UniqueIdentifier>{c6b3efc1-3790-42a2-be9f-ff9842ea9c33}</UniqueIdentifier>
    </Filter>
    <Filter Include="Header Files\Enemy\States">
      <UniqueIdentifier>{3f869b7e-67ae-40bf-bad5-e639bf1e49bf}</UniqueIdentifier>
    </Filter>
    <Filter Include="Header Files\Buildings">
      <UniqueIdentifier>{598649b8-1a52-497a-a39e-c167f322dccb}</UniqueIdentifier>
    </Filter>
    <Filter Include="Header Files\UI\EnemyScout">
      <UniqueIdentifier>{4d1c1e5a-ca37-4327-b639-d087a13b43ae}</UniqueIdentifier>
    </Filter>
    <Filter Include="Header Files\UI\PlayerMenu">
      <UniqueIdentifier>{2cd686f2-504d-4c3a-a349-de0137e31ed9}</UniqueIdentifier>
    </Filter>
    <Filter Include="Header Files\UI\Alliance">
      <UniqueIdentifier>{d9b32117-6095-4134-bf58-e88f66040cee}</UniqueIdentifier>
    </Filter>
  </ItemGroup>
  <ItemGroup>
    <ClCompile Include="main.cpp">
      <Filter>Source Files</Filter>
    </ClCompile>
    <ClCompile Include="Game.cpp">
      <Filter>Source Files</Filter>
    </ClCompile>
    <ClCompile Include="Boat.cpp">
      <Filter>Source Files\Boat</Filter>
    </ClCompile>
    <ClCompile Include="FullMap.cpp">
      <Filter>Source Files\Map</Filter>
    </ClCompile>
    <ClCompile Include="Grid.cpp">
      <Filter>Source Files\Map</Filter>
    </ClCompile>
    <ClCompile Include="Node.cpp">
      <Filter>Source Files\Map</Filter>
    </ClCompile>
    <ClCompile Include="Player.cpp">
      <Filter>Source Files\Player</Filter>
    </ClCompile>
    <ClCompile Include="PlayerController.cpp">
      <Filter>Source Files\Player</Filter>
    </ClCompile>
    <ClCompile Include="UpdateableArea.cpp">
      <Filter>Source Files\Player</Filter>
    </ClCompile>
    <ClCompile Include="HitBox.cpp">
      <Filter>Source Files</Filter>
    </ClCompile>
    <ClCompile Include="BoatController.cpp">
      <Filter>Source Files\Boat</Filter>
    </ClCompile>
    <ClCompile Include="Inventory.cpp">
      <Filter>Source Files\Inventory</Filter>
    </ClCompile>
    <ClCompile Include="InventorySlot.cpp">
      <Filter>Source Files\Inventory</Filter>
    </ClCompile>
    <ClCompile Include="RenderableIventory.cpp">
      <Filter>Source Files\Inventory</Filter>
    </ClCompile>
    <ClCompile Include="Barrel.cpp">
      <Filter>Source Files\GameObjects</Filter>
    </ClCompile>
    <ClCompile Include="Island.cpp">
      <Filter>Source Files\Map</Filter>
    </ClCompile>
    <ClCompile Include="GameObject.cpp">
      <Filter>Source Files\GameObjects</Filter>
    </ClCompile>
    <ClCompile Include="CannonBallItem.cpp">
      <Filter>Source Files\Inventory\Items</Filter>
    </ClCompile>
    <ClCompile Include="InventoryItem.cpp">
      <Filter>Source Files\Inventory\Items</Filter>
    </ClCompile>
    <ClCompile Include="Utility.cpp">
      <Filter>Source Files\Globals</Filter>
    </ClCompile>
    <ClCompile Include="Mouse.cpp">
      <Filter>Source Files\Singletons</Filter>
    </ClCompile>
    <ClCompile Include="Camera.cpp">
      <Filter>Source Files\Singletons</Filter>
    </ClCompile>
    <ClCompile Include="Animator.cpp">
      <Filter>Source Files\Singletons</Filter>
    </ClCompile>
    <ClCompile Include="Army.cpp">
      <Filter>Source Files\Army</Filter>
    </ClCompile>
    <ClCompile Include="Buccaneer.cpp">
      <Filter>Source Files\Army\Units</Filter>
    </ClCompile>
    <ClCompile Include="Gunner.cpp">
      <Filter>Source Files\Army\Units</Filter>
    </ClCompile>
    <ClCompile Include="PirateUnit.cpp">
      <Filter>Source Files\Army\Units</Filter>
    </ClCompile>
    <ClCompile Include="BattleScene.cpp">
      <Filter>Source Files\Battle</Filter>
    </ClCompile>
    <ClCompile Include="BattleGridNode.cpp">
      <Filter>Source Files\Battle</Filter>
    </ClCompile>
    <ClCompile Include="BaseNode.cpp">
      <Filter>Source Files\Map</Filter>
    </ClCompile>
    <ClCompile Include="BattleActionUI.cpp">
      <Filter>Source Files\UI</Filter>
    </ClCompile>
    <ClCompile Include="UnitAmount.cpp">
      <Filter>Source Files\UI</Filter>
    </ClCompile>
    <ClCompile Include="TacticsArmyUI.cpp">
      <Filter>Source Files\UI</Filter>
    </ClCompile>
    <ClCompile Include="TacticsArmySlot.cpp">
      <Filter>Source Files\UI</Filter>
    </ClCompile>
    <ClCompile Include="PathFindingFunctions.cpp">
      <Filter>Source Files</Filter>
    </ClCompile>
    <ClCompile Include="DamageCalculations.cpp">
      <Filter>Source Files</Filter>
    </ClCompile>
    <ClCompile Include="InitiativeSystem.cpp">
      <Filter>Source Files\UI</Filter>
    </ClCompile>
    <ClCompile Include="Enemy.cpp">
      <Filter>Source Files\Enemy</Filter>
    </ClCompile>
    <ClCompile Include="EnemyMoveConditions.cpp">
      <Filter>Source Files\Enemy</Filter>
    </ClCompile>
    <ClCompile Include="ParticleManager.cpp">
      <Filter>Source Files\Particles</Filter>
    </ClCompile>
    <ClCompile Include="Particle.cpp">
      <Filter>Source Files\Particles\BaseParticle</Filter>
    </ClCompile>
    <ClCompile Include="BloodParticle.cpp">
      <Filter>Source Files\Particles</Filter>
    </ClCompile>
    <ClCompile Include="ShotParticle.cpp">
      <Filter>Source Files\Particles</Filter>
    </ClCompile>
    <ClCompile Include="Harpooner.cpp">
      <Filter>Source Files\Army\Units</Filter>
    </ClCompile>
    <ClCompile Include="Projectile.cpp">
      <Filter>Source Files\Projectile</Filter>
    </ClCompile>
    <ClCompile Include="CannonBall.cpp">
      <Filter>Source Files\Projectile</Filter>
    </ClCompile>
    <ClCompile Include="Harpoon.cpp">
      <Filter>Source Files\Projectile</Filter>
    </ClCompile>
    <ClCompile Include="InfoBoxUI.cpp">
      <Filter>Source Files\UI\Building Menus</Filter>
    </ClCompile>
    <ClCompile Include="BattleSceneTransition.cpp">
      <Filter>Source Files</Filter>
    </ClCompile>
    <ClCompile Include="Coins.cpp">
      <Filter>Source Files\Inventory\Items</Filter>
    </ClCompile>
    <ClCompile Include="EnemyState.cpp">
      <Filter>Source Files\Enemy</Filter>
    </ClCompile>
    <ClCompile Include="EnemyBoat.cpp">
      <Filter>Source Files\Boat</Filter>
    </ClCompile>
    <ClCompile Include="AllianceDialogueUI.cpp">
      <Filter>Source Files\UI</Filter>
    </ClCompile>
    <ClCompile Include="AnimatedCharacterIcon.cpp">
      <Filter>Source Files\UI</Filter>
    </ClCompile>
    <ClCompile Include="BarrelInventory.cpp">
      <Filter>Source Files\UI</Filter>
    </ClCompile>
    <ClCompile Include="BuccaneerBuilding.cpp">
      <Filter>Source Files\Buildings</Filter>
    </ClCompile>
    <ClCompile Include="BuccaneerIcon.cpp">
      <Filter>Source Files\UI</Filter>
    </ClCompile>
    <ClCompile Include="BulletFactory.cpp">
      <Filter>Source Files\Projectile</Filter>
    </ClCompile>
    <ClCompile Include="Button.cpp">
      <Filter>Source Files\UI</Filter>
    </ClCompile>
    <ClCompile Include="ChaseState.cpp">
      <Filter>Source Files\Enemy</Filter>
    </ClCompile>
    <ClCompile Include="EnemyUI.cpp">
      <Filter>Source Files\UI</Filter>
    </ClCompile>
    <ClCompile Include="FindBoatState.cpp">
      <Filter>Source Files\Enemy</Filter>
    </ClCompile>
    <ClCompile Include="GamePlayScene.cpp">
      <Filter>Source Files\Scenes</Filter>
    </ClCompile>
    <ClCompile Include="GunnerBuilding.cpp">
      <Filter>Source Files\Buildings</Filter>
    </ClCompile>
    <ClCompile Include="GunnerIcon.cpp">
      <Filter>Source Files\UI</Filter>
    </ClCompile>
    <ClCompile Include="HireRecruitUI.cpp">
      <Filter>Source Files\UI</Filter>
    </ClCompile>
    <ClCompile Include="IconButton.cpp">
      <Filter>Source Files\UI</Filter>
    </ClCompile>
    <ClCompile Include="IdleState.cpp">
      <Filter>Source Files\Enemy</Filter>
    </ClCompile>
    <ClCompile Include="LeafParticle.cpp">
      <Filter>Source Files\Particles</Filter>
    </ClCompile>
    <ClCompile Include="LoadingScene.cpp">
      <Filter>Source Files\Scenes</Filter>
    </ClCompile>
    <ClCompile Include="MainMenuScene.cpp">
      <Filter>Source Files\Scenes</Filter>
    </ClCompile>
    <ClCompile Include="PlayerAllegiance.cpp">
      <Filter>Source Files\Enemy</Filter>
    </ClCompile>
    <ClCompile Include="Scene.cpp">
      <Filter>Source Files\Scenes</Filter>
    </ClCompile>
    <ClCompile Include="SceneManager.cpp">
      <Filter>Source Files\Scenes</Filter>
    </ClCompile>
    <ClCompile Include="ResourceSlotUI.cpp">
      <Filter>Source Files\UI</Filter>
    </ClCompile>
    <ClCompile Include="UnitStatsDisplay.cpp">
      <Filter>Source Files\UI</Filter>
    </ClCompile>
    <ClCompile Include="Tree.cpp">
      <Filter>Source Files\GameObjects</Filter>
    </ClCompile>
    <ClCompile Include="Building.cpp">
      <Filter>Source Files\Buildings</Filter>
    </ClCompile>
    <ClCompile Include="Slider.cpp">
      <Filter>Source Files\UI</Filter>
    </ClCompile>
    <ClCompile Include="Resources_TabMenu.cpp">
      <Filter>Source Files\UI</Filter>
    </ClCompile>
    <ClCompile Include="PlayerTabMenu.cpp">
      <Filter>Source Files\UI</Filter>
    </ClCompile>
    <ClCompile Include="PlayerInventory.cpp">
      <Filter>Source Files\Player</Filter>
    </ClCompile>
    <ClCompile Include="PlayerArmy_TabMenu.cpp">
      <Filter>Source Files\UI</Filter>
    </ClCompile>
    <ClCompile Include="AllianceStatusUI.cpp">
      <Filter>Source Files</Filter>
    </ClCompile>
    <ClCompile Include="ProgressBar.cpp">
      <Filter>Source Files</Filter>
    </ClCompile>
    <ClCompile Include="BuildingPopUp.cpp">
      <Filter>Source Files</Filter>
    </ClCompile>
    <ClCompile Include="EnemyBoatWander.cpp">
      <Filter>Source Files</Filter>
    </ClCompile>
    <ClCompile Include="EnemyLandWander.cpp">
      <Filter>Source Files</Filter>
    </ClCompile>
    <ClCompile Include="EnemyScoutUI.cpp">
      <Filter>Source Files</Filter>
    </ClCompile>
    <ClCompile Include="EnemyScoutArmySlot.cpp">
      <Filter>Source Files</Filter>
    </ClCompile>
    <ClCompile Include="CannonUnit.cpp">
      <Filter>Source Files</Filter>
    </ClCompile>
    <ClCompile Include="BirdUnit.cpp">
      <Filter>Source Files</Filter>
    </ClCompile>
    <ClCompile Include="ExplosionParticle.cpp">
      <Filter>Source Files</Filter>
    </ClCompile>
    <ClCompile Include="SmokeParticle.cpp">
      <Filter>Source Files</Filter>
    </ClCompile>
    <ClCompile Include="BattleUIButton.cpp">
      <Filter>Source Files</Filter>
    </ClCompile>
    <ClCompile Include="KeyPopUpManager.cpp">
      <Filter>Source Files</Filter>
    </ClCompile>
    <ClCompile Include="EndBattleUI.cpp">
      <Filter>Source Files</Filter>
    </ClCompile>
    <ClCompile Include="EndBattleUIButton.cpp">
      <Filter>Source Files</Filter>
    </ClCompile>
    <ClCompile Include="HomeScreenButton.cpp">
      <Filter>Source Files</Filter>
    </ClCompile>
    <ClCompile Include="HarpoonerBuilding.cpp">
      <Filter>Source Files</Filter>
    </ClCompile>
    <ClCompile Include="BirdBuilding.cpp">
      <Filter>Source Files</Filter>
    </ClCompile>
    <ClCompile Include="CannonBuilding.cpp">
      <Filter>Source Files</Filter>
    </ClCompile>
    <ClCompile Include="HarpoonerIcon.cpp">
      <Filter>Source Files</Filter>
    </ClCompile>
    <ClCompile Include="BirdIcon.cpp">
      <Filter>Source Files</Filter>
    </ClCompile>
    <ClCompile Include="CannonIcon.cpp">
      <Filter>Source Files</Filter>
    </ClCompile>
    <ClCompile Include="CannonBallTrailParticle.cpp">
      <Filter>Source Files</Filter>
    </ClCompile>
    <ClCompile Include="PauseScreen.cpp">
      <Filter>Source Files</Filter>
    </ClCompile>
  </ItemGroup>
  <ItemGroup>
    <ClInclude Include="Game.h">
      <Filter>Header Files</Filter>
    </ClInclude>
    <ClInclude Include="Boat.h">
      <Filter>Header Files\Boat</Filter>
    </ClInclude>
    <ClInclude Include="Constants.h">
      <Filter>Header Files\Globals</Filter>
    </ClInclude>
    <ClInclude Include="Enums.h">
      <Filter>Header Files\Globals</Filter>
    </ClInclude>
    <ClInclude Include="FullMap.h">
      <Filter>Header Files\Map</Filter>
    </ClInclude>
    <ClInclude Include="Grid.h">
      <Filter>Header Files\Map</Filter>
    </ClInclude>
    <ClInclude Include="Includes.h">
      <Filter>Header Files\Globals</Filter>
    </ClInclude>
    <ClInclude Include="Node.h">
      <Filter>Header Files\Map</Filter>
    </ClInclude>
    <ClInclude Include="Player.h">
      <Filter>Header Files\Player</Filter>
    </ClInclude>
    <ClInclude Include="PlayerController.h">
      <Filter>Header Files\Player</Filter>
    </ClInclude>
    <ClInclude Include="TileRules.h">
      <Filter>Header Files\Globals</Filter>
    </ClInclude>
    <ClInclude Include="UpdateableArea.h">
      <Filter>Header Files\Player</Filter>
    </ClInclude>
    <ClInclude Include="Utility.h">
      <Filter>Header Files\Globals</Filter>
    </ClInclude>
    <ClInclude Include="HitBox.h">
      <Filter>Header Files</Filter>
    </ClInclude>
    <ClInclude Include="BoatController.h">
      <Filter>Header Files\Boat</Filter>
    </ClInclude>
    <ClInclude Include="InventorySlot.h">
      <Filter>Header Files\Inventory</Filter>
    </ClInclude>
    <ClInclude Include="Barrel.h">
      <Filter>Header Files\GameObjects</Filter>
    </ClInclude>
    <ClInclude Include="RenderableIventory.h">
      <Filter>Header Files\Inventory</Filter>
    </ClInclude>
    <ClInclude Include="Island.h">
      <Filter>Header Files\Map</Filter>
    </ClInclude>
    <ClInclude Include="GameObject.h">
      <Filter>Header Files\GameObjects</Filter>
    </ClInclude>
    <ClInclude Include="CannonBallItem.h">
      <Filter>Header Files\Inventory\Items</Filter>
    </ClInclude>
    <ClInclude Include="Inventory.h">
      <Filter>Header Files\Inventory</Filter>
    </ClInclude>
    <ClInclude Include="InventoryItem.h">
      <Filter>Header Files\Inventory\Items</Filter>
    </ClInclude>
    <ClInclude Include="Camera.h">
      <Filter>Header Files\Singletons</Filter>
    </ClInclude>
    <ClInclude Include="Mouse.h">
      <Filter>Header Files\Singletons</Filter>
    </ClInclude>
    <ClInclude Include="TextureManager.h">
      <Filter>Header Files\Singletons</Filter>
    </ClInclude>
    <ClInclude Include="Animator.h">
      <Filter>Header Files\Singletons</Filter>
    </ClInclude>
    <ClInclude Include="Army.h">
      <Filter>Header Files\Army</Filter>
    </ClInclude>
    <ClInclude Include="Gunner.h">
      <Filter>Header Files\Army\Units</Filter>
    </ClInclude>
    <ClInclude Include="Buccaneer.h">
      <Filter>Header Files\Army\Units</Filter>
    </ClInclude>
    <ClInclude Include="PirateUnit.h">
      <Filter>Header Files\Army\Units</Filter>
    </ClInclude>
    <ClInclude Include="BattleScene.h">
      <Filter>Header Files\Battle</Filter>
    </ClInclude>
    <ClInclude Include="BattleGridNode.h">
      <Filter>Header Files\Battle</Filter>
    </ClInclude>
    <ClInclude Include="Structs.h">
      <Filter>Header Files\Globals</Filter>
    </ClInclude>
    <ClInclude Include="BaseNode.h">
      <Filter>Header Files\Map</Filter>
    </ClInclude>
    <ClInclude Include="BattleActionUI.h">
      <Filter>Header Files\UI</Filter>
    </ClInclude>
    <ClInclude Include="TacticsArmySlot.h">
      <Filter>Header Files\UI</Filter>
    </ClInclude>
    <ClInclude Include="TacticsArmyUI.h">
      <Filter>Header Files\UI</Filter>
    </ClInclude>
    <ClInclude Include="UnitAmount.h">
      <Filter>Header Files\UI</Filter>
    </ClInclude>
    <ClInclude Include="Enemy.h">
      <Filter>Header Files\Enemy</Filter>
    </ClInclude>
    <ClInclude Include="EnemyMoveConditions.h">
      <Filter>Header Files\Enemy</Filter>
    </ClInclude>
    <ClInclude Include="InitiativeSystem.h">
      <Filter>Header Files\UI</Filter>
    </ClInclude>
    <ClInclude Include="ParticleManager.h">
      <Filter>Header Files\Particles</Filter>
    </ClInclude>
    <ClInclude Include="Particle.h">
      <Filter>Header Files\Particles\BaseParticle</Filter>
    </ClInclude>
    <ClInclude Include="BloodParticle.h">
      <Filter>Header Files\Particles</Filter>
    </ClInclude>
    <ClInclude Include="ShotParticle.h">
      <Filter>Header Files\Particles</Filter>
    </ClInclude>
    <ClInclude Include="Harpooner.h">
      <Filter>Header Files\Army\Units</Filter>
    </ClInclude>
    <ClInclude Include="Projectile.h">
      <Filter>Header Files\Projectile</Filter>
    </ClInclude>
    <ClInclude Include="CannonBall.h">
      <Filter>Header Files\Projectile</Filter>
    </ClInclude>
    <ClInclude Include="Harpoon.h">
      <Filter>Header Files\Projectile</Filter>
    </ClInclude>
    <ClInclude Include="GunnerIcon.h">
      <Filter>Header Files\UI\Building Menus\Icons</Filter>
    </ClInclude>
    <ClInclude Include="BattleSceneTransition.h">
      <Filter>Header Files</Filter>
    </ClInclude>
    <ClInclude Include="IconButton.h">
      <Filter>Header Files\UI</Filter>
    </ClInclude>
    <ClInclude Include="InfoBoxUI.h">
      <Filter>Header Files\UI</Filter>
    </ClInclude>
    <ClInclude Include="Slider.h">
      <Filter>Header Files\UI</Filter>
    </ClInclude>
    <ClInclude Include="Coins.h">
      <Filter>Header Files\Inventory\Items</Filter>
    </ClInclude>
    <ClInclude Include="BuccaneerIcon.h">
      <Filter>Header Files\UI\Building Menus\Icons</Filter>
    </ClInclude>
    <ClInclude Include="BarrelInventory.h">
      <Filter>Header Files\GameObjects</Filter>
    </ClInclude>
    <ClInclude Include="DiskSampling.h">
      <Filter>Header Files\Singletons</Filter>
    </ClInclude>
    <ClInclude Include="PathFindingFunctions.h">
      <Filter>Header Files\Singletons</Filter>
    </ClInclude>
    <ClInclude Include="Resources_TabMenu.h">
      <Filter>Header Files\UI</Filter>
    </ClInclude>
    <ClInclude Include="DamageCalculations.h">
      <Filter>Header Files\Globals</Filter>
    </ClInclude>
    <ClInclude Include="ResourceSlotUI.h">
      <Filter>Header Files\UI</Filter>
    </ClInclude>
    <ClInclude Include="PlayerInventory.h">
      <Filter>Header Files\Player</Filter>
    </ClInclude>
    <ClInclude Include="Tree.h">
      <Filter>Header Files\GameObjects</Filter>
    </ClInclude>
    <ClInclude Include="Button.h">
      <Filter>Header Files\UI</Filter>
    </ClInclude>
    <ClInclude Include="EnemyBoat.h">
      <Filter>Header Files\Boat</Filter>
    </ClInclude>
    <ClInclude Include="EnemyUI.h">
      <Filter>Header Files\UI</Filter>
    </ClInclude>
    <ClInclude Include="GamePlayScene.h">
      <Filter>Header Files\Scenes</Filter>
    </ClInclude>
    <ClInclude Include="LeafParticle.h">
      <Filter>Header Files\Particles</Filter>
    </ClInclude>
    <ClInclude Include="LoadingScene.h">
      <Filter>Header Files\Scenes</Filter>
    </ClInclude>
    <ClInclude Include="UnitStatsDisplay.h">
      <Filter>Header Files\UI</Filter>
    </ClInclude>
    <ClInclude Include="SceneManager.h">
      <Filter>Header Files\Scenes</Filter>
    </ClInclude>
    <ClInclude Include="Scene.h">
      <Filter>Header Files\Scenes</Filter>
    </ClInclude>
    <ClInclude Include="PlayerAllegiance.h">
      <Filter>Header Files\Enemy</Filter>
    </ClInclude>
    <ClInclude Include="MainMenuScene.h">
      <Filter>Header Files\Scenes</Filter>
    </ClInclude>
    <ClInclude Include="ChaseState.h">
      <Filter>Header Files\Enemy\States</Filter>
    </ClInclude>
    <ClInclude Include="EnemyState.h">
      <Filter>Header Files\Enemy\States</Filter>
    </ClInclude>
    <ClInclude Include="FindBoatState.h">
      <Filter>Header Files\Enemy\States</Filter>
    </ClInclude>
    <ClInclude Include="IdleState.h">
      <Filter>Header Files\Enemy\States</Filter>
    </ClInclude>
    <ClInclude Include="BuccaneerBuilding.h">
      <Filter>Header Files\Buildings</Filter>
    </ClInclude>
    <ClInclude Include="Building.h">
      <Filter>Header Files\Buildings</Filter>
    </ClInclude>
    <ClInclude Include="GunnerBuilding.h">
      <Filter>Header Files\Buildings</Filter>
    </ClInclude>
    <ClInclude Include="BulletFactory.h">
      <Filter>Header Files\Projectile</Filter>
    </ClInclude>
    <ClInclude Include="PirateUnits.h">
      <Filter>Header Files\Army</Filter>
    </ClInclude>
    <ClInclude Include="EnemyBoatWander.h">
      <Filter>Header Files\Enemy\States</Filter>
    </ClInclude>
    <ClInclude Include="EnemyLandWander.h">
      <Filter>Header Files\Enemy\States</Filter>
    </ClInclude>
    <ClInclude Include="EnemyScoutUI.h">
      <Filter>Header Files\UI\EnemyScout</Filter>
    </ClInclude>
    <ClInclude Include="PlayerTabMenu.h">
      <Filter>Header Files\UI\PlayerMenu</Filter>
    </ClInclude>
    <ClInclude Include="PlayerArmy_TabMenu.h">
      <Filter>Header Files\UI\PlayerMenu</Filter>
    </ClInclude>
    <ClInclude Include="ProgressBar.h">
      <Filter>Header Files\UI\Building Menus</Filter>
    </ClInclude>
    <ClInclude Include="HireRecruitUI.h">
      <Filter>Header Files\UI\Building Menus</Filter>
    </ClInclude>
    <ClInclude Include="BuildingPopUp.h">
      <Filter>Header Files\UI\Building Menus</Filter>
    </ClInclude>
    <ClInclude Include="AnimatedCharacterIcon.h">
      <Filter>Header Files\UI\Building Menus\Icons</Filter>
    </ClInclude>
    <ClInclude Include="AllianceStatusUI.h">
      <Filter>Header Files\UI\Alliance</Filter>
    </ClInclude>
    <ClInclude Include="AllianceDialogueUI.h">
      <Filter>Header Files\UI\Alliance</Filter>
    </ClInclude>
    <ClInclude Include="EnemyScoutArmySlot.h">
      <Filter>Header Files\UI\EnemyScout</Filter>
    </ClInclude>
    <ClInclude Include="CannonUnit.h">
      <Filter>Header Files</Filter>
    </ClInclude>
    <ClInclude Include="BirdUnit.h">
      <Filter>Header Files</Filter>
    </ClInclude>
    <ClInclude Include="ExplosionParticle.h">
      <Filter>Header Files</Filter>
    </ClInclude>
    <ClInclude Include="SmokeParticle.h">
      <Filter>Header Files</Filter>
    </ClInclude>
    <ClInclude Include="BattleUIButton.h">
      <Filter>Header Files</Filter>
    </ClInclude>
    <ClInclude Include="KeyPopUpManager.h">
      <Filter>Header Files</Filter>
    </ClInclude>
    <ClInclude Include="EndBattleUI.h">
      <Filter>Header Files</Filter>
    </ClInclude>
    <ClInclude Include="EndBattleUIButton.h">
      <Filter>Header Files</Filter>
    </ClInclude>
    <ClInclude Include="HomeScreenButton.h">
      <Filter>Header Files</Filter>
    </ClInclude>
    <ClInclude Include="HarpoonerBuilding.h">
      <Filter>Header Files</Filter>
    </ClInclude>
    <ClInclude Include="BirdBuilding.h">
      <Filter>Header Files</Filter>
    </ClInclude>
    <ClInclude Include="CannonBuilding.h">
      <Filter>Header Files</Filter>
    </ClInclude>
    <ClInclude Include="HarpoonerIcon.h">
      <Filter>Header Files</Filter>
    </ClInclude>
    <ClInclude Include="BirdIcon.h">
      <Filter>Header Files</Filter>
    </ClInclude>
    <ClInclude Include="CannonIcon.h">
      <Filter>Header Files</Filter>
    </ClInclude>
    <ClInclude Include="CannonBallTrailParticle.h">
      <Filter>Header Files</Filter>
    </ClInclude>
    <ClInclude Include="PauseScreen.h">
      <Filter>Header Files</Filter>
    </ClInclude>
  </ItemGroup>
  <ItemGroup>
    <None Include="PathFinding.inl">
      <Filter>Header Files\Map</Filter>
    </None>
  </ItemGroup>
</Project>