<?xml version="1.0" encoding="utf-8"?>
<Project ToolsVersion="4.0" xmlns="http://schemas.microsoft.com/developer/msbuild/2003">
  <ItemGroup>
    <Filter Include="Source Files">
      <UniqueIdentifier>{4FC737F1-C7A5-4376-A066-2A32D752A2FF}</UniqueIdentifier>
      <Extensions>cpp;c;cc;cxx;c++;cppm;ixx;def;odl;idl;hpj;bat;asm;asmx</Extensions>
    </Filter>
    <Filter Include="Header Files">
      <UniqueIdentifier>{93995380-89BD-4b04-88EB-625FBE52EBFB}</UniqueIdentifier>
      <Extensions>h;hh;hpp;hxx;h++;hm;inl;inc;ipp;xsd</Extensions>
    </Filter>
    <Filter Include="Resource Files">
      <UniqueIdentifier>{67DA6AB6-F800-4c08-8B7A-83BB121AAD01}</UniqueIdentifier>
      <Extensions>rc;ico;cur;bmp;dlg;rc2;rct;bin;rgs;gif;jpg;jpeg;jpe;resx;tiff;tif;png;wav;mfcribbon-ms</Extensions>
    </Filter>
    <Filter Include="Header Files\Player">
      <UniqueIdentifier>{d2eed659-cc8d-49b1-a239-e57df5b2875a}</UniqueIdentifier>
    </Filter>
    <Filter Include="Source Files\Player">
      <UniqueIdentifier>{90944bdb-fc63-412b-84ea-e8a1f6dbf1e6}</UniqueIdentifier>
    </Filter>
    <Filter Include="Source Files\Map">
      <UniqueIdentifier>{25521518-e0b2-42fe-98e3-cfbbb8135ef9}</UniqueIdentifier>
    </Filter>
    <Filter Include="Header Files\Map">
      <UniqueIdentifier>{9d3cda3a-08f2-4479-8fd6-8e070da227dd}</UniqueIdentifier>
    </Filter>
    <Filter Include="Header Files\Boat">
      <UniqueIdentifier>{8fe83c49-716c-4a0c-9539-7bad294bbd62}</UniqueIdentifier>
    </Filter>
    <Filter Include="Source Files\Boat">
      <UniqueIdentifier>{04a2658d-6442-4ae5-bb9d-d157468b1c55}</UniqueIdentifier>
    </Filter>
    <Filter Include="Header Files\Globals">
      <UniqueIdentifier>{f91b4787-aa31-4af4-9f62-6d68a6e4ea5f}</UniqueIdentifier>
    </Filter>
    <Filter Include="Header Files\Inventory">
      <UniqueIdentifier>{46fdf059-8eec-4922-83df-5a215752c32c}</UniqueIdentifier>
    </Filter>
    <Filter Include="Header Files\GameObjects">
      <UniqueIdentifier>{952b161d-4cf5-4f69-b21d-3f7c4ba655d9}</UniqueIdentifier>
    </Filter>
    <Filter Include="Source Files\Inventory">
      <UniqueIdentifier>{492477f5-549a-4a4f-a8a8-2ac8feee50fc}</UniqueIdentifier>
    </Filter>
    <Filter Include="Source Files\GameObjects">
      <UniqueIdentifier>{23f75b9a-91cf-4b46-a7e0-4e7b58d32b79}</UniqueIdentifier>
    </Filter>
    <Filter Include="Header Files\Inventory\Items">
      <UniqueIdentifier>{a0c42ba2-128f-4d95-a654-d2107e33c0ea}</UniqueIdentifier>
    </Filter>
    <Filter Include="Source Files\Inventory\Items">
      <UniqueIdentifier>{fbe6147b-4dea-4a81-bf80-b703f9d59cc0}</UniqueIdentifier>
    </Filter>
    <Filter Include="Header Files\Singletons">
      <UniqueIdentifier>{edbe3168-57c8-4207-b239-af3f1546cc62}</UniqueIdentifier>
    </Filter>
    <Filter Include="Source Files\Globals">
      <UniqueIdentifier>{25bb644e-b788-4fbb-bf6c-9fe1c7813835}</UniqueIdentifier>
    </Filter>
    <Filter Include="Source Files\Singletons">
      <UniqueIdentifier>{ec436789-1d06-4ede-b57e-91d6b1051624}</UniqueIdentifier>
    </Filter>
    <Filter Include="Source Files\Army">
      <UniqueIdentifier>{3ada86ba-60fd-4d63-b048-ed5e6280c291}</UniqueIdentifier>
    </Filter>
    <Filter Include="Header Files\Army">
      <UniqueIdentifier>{6235c117-becc-48f4-b7c7-46895cad855e}</UniqueIdentifier>
    </Filter>
    <Filter Include="Header Files\Army\Units">
      <UniqueIdentifier>{19af9c9a-5f95-476d-8d19-bdfe6e6dd19d}</UniqueIdentifier>
    </Filter>
    <Filter Include="Source Files\Army\Units">
      <UniqueIdentifier>{1928ab4e-c7e2-47d6-bffc-fb73bf317e75}</UniqueIdentifier>
    </Filter>
    <Filter Include="Header Files\Battle">
      <UniqueIdentifier>{7f669997-01da-47ee-9c18-14732bd4d9ec}</UniqueIdentifier>
    </Filter>
    <Filter Include="Source Files\Battle">
      <UniqueIdentifier>{934d50bd-0a6d-43a2-a756-5340b98f3c92}</UniqueIdentifier>
    </Filter>
    <Filter Include="Header Files\UI">
      <UniqueIdentifier>{d85d15f0-f97e-4a7f-b22b-a967702fa3c9}</UniqueIdentifier>
    </Filter>
    <Filter Include="Source Files\UI">
      <UniqueIdentifier>{89d1a975-8b56-4a0b-ba31-a0611602af1b}</UniqueIdentifier>
    </Filter>
  </ItemGroup>
  <ItemGroup>
    <ClCompile Include="main.cpp">
      <Filter>Source Files</Filter>
    </ClCompile>
    <ClCompile Include="Game.cpp">
      <Filter>Source Files</Filter>
    </ClCompile>
    <ClCompile Include="Boat.cpp">
      <Filter>Source Files\Boat</Filter>
    </ClCompile>
    <ClCompile Include="FullMap.cpp">
      <Filter>Source Files\Map</Filter>
    </ClCompile>
    <ClCompile Include="Grid.cpp">
      <Filter>Source Files\Map</Filter>
    </ClCompile>
    <ClCompile Include="Node.cpp">
      <Filter>Source Files\Map</Filter>
    </ClCompile>
    <ClCompile Include="Player.cpp">
      <Filter>Source Files\Player</Filter>
    </ClCompile>
    <ClCompile Include="PlayerController.cpp">
      <Filter>Source Files\Player</Filter>
    </ClCompile>
    <ClCompile Include="UpdateableArea.cpp">
      <Filter>Source Files\Player</Filter>
    </ClCompile>
    <ClCompile Include="HitBox.cpp">
      <Filter>Source Files</Filter>
    </ClCompile>
    <ClCompile Include="BoatController.cpp">
      <Filter>Source Files\Boat</Filter>
    </ClCompile>
    <ClCompile Include="Inventory.cpp">
      <Filter>Source Files\Inventory</Filter>
    </ClCompile>
    <ClCompile Include="InventorySlot.cpp">
      <Filter>Source Files\Inventory</Filter>
    </ClCompile>
    <ClCompile Include="RenderableIventory.cpp">
      <Filter>Source Files\Inventory</Filter>
    </ClCompile>
    <ClCompile Include="Barrel.cpp">
      <Filter>Source Files\GameObjects</Filter>
    </ClCompile>
    <ClCompile Include="Island.cpp">
      <Filter>Source Files\Map</Filter>
    </ClCompile>
    <ClCompile Include="CannonBall.cpp">
      <Filter>Source Files\Boat</Filter>
    </ClCompile>
    <ClCompile Include="GameObject.cpp">
      <Filter>Source Files\GameObjects</Filter>
    </ClCompile>
    <ClCompile Include="CannonBallItem.cpp">
      <Filter>Source Files\Inventory\Items</Filter>
    </ClCompile>
    <ClCompile Include="InventoryItem.cpp">
      <Filter>Source Files\Inventory\Items</Filter>
    </ClCompile>
    <ClCompile Include="Utility.cpp">
      <Filter>Source Files\Globals</Filter>
    </ClCompile>
    <ClCompile Include="Mouse.cpp">
      <Filter>Source Files\Singletons</Filter>
    </ClCompile>
    <ClCompile Include="Camera.cpp">
      <Filter>Source Files\Singletons</Filter>
    </ClCompile>
    <ClCompile Include="Animator.cpp">
      <Filter>Source Files\Singletons</Filter>
    </ClCompile>
    <ClCompile Include="Army.cpp">
      <Filter>Source Files\Army</Filter>
    </ClCompile>
    <ClCompile Include="Buccaneer.cpp">
      <Filter>Source Files\Army\Units</Filter>
    </ClCompile>
    <ClCompile Include="Gunner.cpp">
      <Filter>Source Files\Army\Units</Filter>
    </ClCompile>
    <ClCompile Include="PirateUnit.cpp">
      <Filter>Source Files\Army\Units</Filter>
    </ClCompile>
    <ClCompile Include="BattleScene.cpp">
      <Filter>Source Files\Battle</Filter>
    </ClCompile>
    <ClCompile Include="BattleGridNode.cpp">
      <Filter>Source Files\Battle</Filter>
    </ClCompile>
    <ClCompile Include="BaseNode.cpp">
      <Filter>Source Files\Map</Filter>
    </ClCompile>
    <ClCompile Include="BattleActionUI.cpp">
      <Filter>Source Files\UI</Filter>
    </ClCompile>
    <ClCompile Include="Enemy.cpp">
      <Filter>Source Files</Filter>
    </ClCompile>
    <ClCompile Include="UnitAmount.cpp">
      <Filter>Source Files\UI</Filter>
    </ClCompile>
    <ClCompile Include="TacticsArmyUI.cpp">
      <Filter>Source Files\UI</Filter>
    </ClCompile>
    <ClCompile Include="TacticsArmySlot.cpp">
      <Filter>Source Files\UI</Filter>
    </ClCompile>
    <ClCompile Include="InitiativeSystem.cpp">
      <Filter>Source Files</Filter>
    </ClCompile>
  </ItemGroup>
  <ItemGroup>
    <ClInclude Include="Game.h">
      <Filter>Header Files</Filter>
    </ClInclude>
    <ClInclude Include="Boat.h">
      <Filter>Header Files\Boat</Filter>
    </ClInclude>
    <ClInclude Include="Constants.h">
      <Filter>Header Files\Globals</Filter>
    </ClInclude>
    <ClInclude Include="Enums.h">
      <Filter>Header Files\Globals</Filter>
    </ClInclude>
    <ClInclude Include="FullMap.h">
      <Filter>Header Files\Map</Filter>
    </ClInclude>
    <ClInclude Include="Grid.h">
      <Filter>Header Files\Map</Filter>
    </ClInclude>
    <ClInclude Include="Includes.h">
      <Filter>Header Files\Globals</Filter>
    </ClInclude>
    <ClInclude Include="Node.h">
      <Filter>Header Files\Map</Filter>
    </ClInclude>
    <ClInclude Include="Player.h">
      <Filter>Header Files\Player</Filter>
    </ClInclude>
    <ClInclude Include="PlayerController.h">
      <Filter>Header Files\Player</Filter>
    </ClInclude>
    <ClInclude Include="TileRules.h">
      <Filter>Header Files\Globals</Filter>
    </ClInclude>
    <ClInclude Include="UpdateableArea.h">
      <Filter>Header Files\Player</Filter>
    </ClInclude>
    <ClInclude Include="Utility.h">
      <Filter>Header Files\Globals</Filter>
    </ClInclude>
    <ClInclude Include="HitBox.h">
      <Filter>Header Files</Filter>
    </ClInclude>
    <ClInclude Include="BoatController.h">
      <Filter>Header Files\Boat</Filter>
    </ClInclude>
    <ClInclude Include="InventorySlot.h">
      <Filter>Header Files\Inventory</Filter>
    </ClInclude>
    <ClInclude Include="Barrel.h">
      <Filter>Header Files\GameObjects</Filter>
    </ClInclude>
    <ClInclude Include="RenderableIventory.h">
      <Filter>Header Files\Inventory</Filter>
    </ClInclude>
    <ClInclude Include="Island.h">
      <Filter>Header Files\Map</Filter>
    </ClInclude>
    <ClInclude Include="CannonBall.h">
      <Filter>Header Files\Boat</Filter>
    </ClInclude>
    <ClInclude Include="GameObject.h">
      <Filter>Header Files\GameObjects</Filter>
    </ClInclude>
    <ClInclude Include="CannonBallItem.h">
      <Filter>Header Files\Inventory\Items</Filter>
    </ClInclude>
    <ClInclude Include="Inventory.h">
      <Filter>Header Files\Inventory</Filter>
    </ClInclude>
    <ClInclude Include="InventoryItem.h">
      <Filter>Header Files\Inventory\Items</Filter>
    </ClInclude>
    <ClInclude Include="Camera.h">
      <Filter>Header Files\Singletons</Filter>
    </ClInclude>
    <ClInclude Include="Mouse.h">
      <Filter>Header Files\Singletons</Filter>
    </ClInclude>
    <ClInclude Include="TextureManager.h">
      <Filter>Header Files\Singletons</Filter>
    </ClInclude>
    <ClInclude Include="Animator.h">
      <Filter>Header Files\Singletons</Filter>
    </ClInclude>
    <ClInclude Include="Army.h">
      <Filter>Header Files\Army</Filter>
    </ClInclude>
    <ClInclude Include="Gunner.h">
      <Filter>Header Files\Army\Units</Filter>
    </ClInclude>
    <ClInclude Include="Buccaneer.h">
      <Filter>Header Files\Army\Units</Filter>
    </ClInclude>
    <ClInclude Include="PirateUnit.h">
      <Filter>Header Files\Army\Units</Filter>
    </ClInclude>
    <ClInclude Include="PirateUnits.h">
      <Filter>Header Files\Globals</Filter>
    </ClInclude>
    <ClInclude Include="BattleScene.h">
      <Filter>Header Files\Battle</Filter>
    </ClInclude>
    <ClInclude Include="BattleGridNode.h">
      <Filter>Header Files\Battle</Filter>
    </ClInclude>
    <ClInclude Include="Structs.h">
      <Filter>Header Files\Globals</Filter>
    </ClInclude>
    <ClInclude Include="BaseNode.h">
      <Filter>Header Files\Map</Filter>
    </ClInclude>
    <ClInclude Include="BattleActionUI.h">
      <Filter>Header Files\UI</Filter>
    </ClInclude>
    <ClInclude Include="Enemy.h">
      <Filter>Header Files</Filter>
    </ClInclude>
    <ClInclude Include="TacticsArmySlot.h">
      <Filter>Header Files\UI</Filter>
    </ClInclude>
    <ClInclude Include="TacticsArmyUI.h">
      <Filter>Header Files\UI</Filter>
    </ClInclude>
    <ClInclude Include="UnitAmount.h">
      <Filter>Header Files\UI</Filter>
    </ClInclude>
    <ClInclude Include="InitiativeSystem.h">
      <Filter>Header Files</Filter>
    </ClInclude>
  </ItemGroup>
</Project>